<?xml version="1.0" encoding="UTF-8"?>
<Project ToolsVersion="14.0" xmlns="http://schemas.microsoft.com/developer/msbuild/2003">
  <ItemGroup>
    <CustomBuild Include="E:\gnu go\gnugo-3.8\CMakeFiles\121fcc65509bff045b8dce41425cf34d\INSTALL_force.rule">
      <Filter>CMake Rules</Filter>
    </CustomBuild>
  </ItemGroup>
  <ItemGroup>
    <Filter Include="CMake Rules">
      <UniqueIdentifier>{CDA7AD23-9023-39AC-94FD-5C8E6D8DC628}</UniqueIdentifier>
    </Filter>
  </ItemGroup>
</Project>
