Microsoft Visual Studio Solution File, Format Version 12.00
# Visual Studio 14
VisualStudioVersion = 14.0.25420.1
MinimumVisualStudioVersion = 10.0.40219.1
Project("{8BC9CEB8-8B4A-11D0-8D11-00A0C91BC942}") = "ALL_BUILD", "ALL_BUILD.vcxproj", "{A97F8B8A-C923-3EC2-80E1-67DCCD4E6ACF}"
	ProjectSection(ProjectDependencies) = postProject
		{4B0E06CF-50EF-30C9-B94C-6C0362C69A76} = {4B0E06CF-50EF-30C9-B94C-6C0362C69A76}
		{9AC8E159-4B26-335A-AD0C-B9CAD35D9CDE} = {9AC8E159-4B26-335A-AD0C-B9CAD35D9CDE}
		{90158040-32C4-3A32-A222-CBC8A577FBAB} = {90158040-32C4-3A32-A222-CBC8A577FBAB}
		{04DC2183-BEB5-36E2-B6F4-16D8C0AD0614} = {04DC2183-BEB5-36E2-B6F4-16D8C0AD0614}
		{8909240D-CA68-36FB-BB66-4B98E232F638} = {8909240D-CA68-36FB-BB66-4B98E232F638}
		{BE698082-C3EB-3872-A556-A0C3375A5C38} = {BE698082-C3EB-3872-A556-A0C3375A5C38}
		{4D893842-A76A-32F1-AF39-29C32E107EF5} = {4D893842-A76A-32F1-AF39-29C32E107EF5}
		{F710B427-3DF4-3A48-98B0-F88DC4D00E08} = {F710B427-3DF4-3A48-98B0-F88DC4D00E08}
		{B57F9832-0D4D-3A33-BF74-B861223339FD} = {B57F9832-0D4D-3A33-BF74-B861223339FD}
		{D9FB7CC9-192F-34C0-806D-8C4A6D204D5D} = {D9FB7CC9-192F-34C0-806D-8C4A6D204D5D}
		{2A7D50EA-6E28-32BA-95CB-4451D35550FD} = {2A7D50EA-6E28-32BA-95CB-4451D35550FD}
		{CCF2D7A8-CC26-3422-A75C-383339CF2FEB} = {CCF2D7A8-CC26-3422-A75C-383339CF2FEB}
		{089C781B-47DF-34CD-9769-DEF492799F4D} = {089C781B-47DF-34CD-9769-DEF492799F4D}
		{28D5956C-D3A1-33A9-B081-3DD4543A7372} = {28D5956C-D3A1-33A9-B081-3DD4543A7372}
		{62A0DE21-852E-3CA0-9B76-D04392408CD8} = {62A0DE21-852E-3CA0-9B76-D04392408CD8}
	EndProjectSection
EndProject
Project("{8BC9CEB8-8B4A-11D0-8D11-00A0C91BC942}") = "INSTALL", "INSTALL.vcxproj", "{CE4544BA-6507-341C-9F75-E07FF15E5B11}"
	ProjectSection(ProjectDependencies) = postProject
		{A97F8B8A-C923-3EC2-80E1-67DCCD4E6ACF} = {A97F8B8A-C923-3EC2-80E1-67DCCD4E6ACF}
	EndProjectSection
EndProject
Project("{8BC9CEB8-8B4A-11D0-8D11-00A0C91BC942}") = "ZERO_CHECK", "ZERO_CHECK.vcxproj", "{4B0E06CF-50EF-30C9-B94C-6C0362C69A76}"
EndProject
Project("{8BC9CEB8-8B4A-11D0-8D11-00A0C91BC942}") = "board", "engine\board.vcxproj", "{9AC8E159-4B26-335A-AD0C-B9CAD35D9CDE}"
	ProjectSection(ProjectDependencies) = postProject
		{4B0E06CF-50EF-30C9-B94C-6C0362C69A76} = {4B0E06CF-50EF-30C9-B94C-6C0362C69A76}
	EndProjectSection
EndProject
Project("{8BC9CEB8-8B4A-11D0-8D11-00A0C91BC942}") = "compress_fuseki", "patterns\compress_fuseki.vcxproj", "{90158040-32C4-3A32-A222-CBC8A577FBAB}"
	ProjectSection(ProjectDependencies) = postProject
		{4B0E06CF-50EF-30C9-B94C-6C0362C69A76} = {4B0E06CF-50EF-30C9-B94C-6C0362C69A76}
	EndProjectSection
EndProject
Project("{8BC9CEB8-8B4A-11D0-8D11-00A0C91BC942}") = "engine", "engine\engine.vcxproj", "{04DC2183-BEB5-36E2-B6F4-16D8C0AD0614}"
	ProjectSection(ProjectDependencies) = postProject
		{4B0E06CF-50EF-30C9-B94C-6C0362C69A76} = {4B0E06CF-50EF-30C9-B94C-6C0362C69A76}
	EndProjectSection
EndProject
Project("{8BC9CEB8-8B4A-11D0-8D11-00A0C91BC942}") = "extract_fuseki", "patterns\extract_fuseki.vcxproj", "{8909240D-CA68-36FB-BB66-4B98E232F638}"
	ProjectSection(ProjectDependencies) = postProject
		{4B0E06CF-50EF-30C9-B94C-6C0362C69A76} = {4B0E06CF-50EF-30C9-B94C-6C0362C69A76}
		{04DC2183-BEB5-36E2-B6F4-16D8C0AD0614} = {04DC2183-BEB5-36E2-B6F4-16D8C0AD0614}
		{2A7D50EA-6E28-32BA-95CB-4451D35550FD} = {2A7D50EA-6E28-32BA-95CB-4451D35550FD}
		{CCF2D7A8-CC26-3422-A75C-383339CF2FEB} = {CCF2D7A8-CC26-3422-A75C-383339CF2FEB}
		{62A0DE21-852E-3CA0-9B76-D04392408CD8} = {62A0DE21-852E-3CA0-9B76-D04392408CD8}
	EndProjectSection
EndProject
Project("{8BC9CEB8-8B4A-11D0-8D11-00A0C91BC942}") = "gnugo", "interface\gnugo.vcxproj", "{BE698082-C3EB-3872-A556-A0C3375A5C38}"
	ProjectSection(ProjectDependencies) = postProject
		{4B0E06CF-50EF-30C9-B94C-6C0362C69A76} = {4B0E06CF-50EF-30C9-B94C-6C0362C69A76}
		{04DC2183-BEB5-36E2-B6F4-16D8C0AD0614} = {04DC2183-BEB5-36E2-B6F4-16D8C0AD0614}
		{2A7D50EA-6E28-32BA-95CB-4451D35550FD} = {2A7D50EA-6E28-32BA-95CB-4451D35550FD}
		{CCF2D7A8-CC26-3422-A75C-383339CF2FEB} = {CCF2D7A8-CC26-3422-A75C-383339CF2FEB}
		{62A0DE21-852E-3CA0-9B76-D04392408CD8} = {62A0DE21-852E-3CA0-9B76-D04392408CD8}
	EndProjectSection
EndProject
Project("{8BC9CEB8-8B4A-11D0-8D11-00A0C91BC942}") = "joseki", "patterns\joseki.vcxproj", "{4D893842-A76A-32F1-AF39-29C32E107EF5}"
	ProjectSection(ProjectDependencies) = postProject
		{4B0E06CF-50EF-30C9-B94C-6C0362C69A76} = {4B0E06CF-50EF-30C9-B94C-6C0362C69A76}
		{9AC8E159-4B26-335A-AD0C-B9CAD35D9CDE} = {9AC8E159-4B26-335A-AD0C-B9CAD35D9CDE}
		{CCF2D7A8-CC26-3422-A75C-383339CF2FEB} = {CCF2D7A8-CC26-3422-A75C-383339CF2FEB}
		{62A0DE21-852E-3CA0-9B76-D04392408CD8} = {62A0DE21-852E-3CA0-9B76-D04392408CD8}
	EndProjectSection
EndProject
Project("{8BC9CEB8-8B4A-11D0-8D11-00A0C91BC942}") = "mkeyes", "patterns\mkeyes.vcxproj", "{F710B427-3DF4-3A48-98B0-F88DC4D00E08}"
	ProjectSection(ProjectDependencies) = postProject
		{4B0E06CF-50EF-30C9-B94C-6C0362C69A76} = {4B0E06CF-50EF-30C9-B94C-6C0362C69A76}
		{62A0DE21-852E-3CA0-9B76-D04392408CD8} = {62A0DE21-852E-3CA0-9B76-D04392408CD8}
	EndProjectSection
EndProject
Project("{8BC9CEB8-8B4A-11D0-8D11-00A0C91BC942}") = "mkmcpat", "patterns\mkmcpat.vcxproj", "{B57F9832-0D4D-3A33-BF74-B861223339FD}"
	ProjectSection(ProjectDependencies) = postProject
		{4B0E06CF-50EF-30C9-B94C-6C0362C69A76} = {4B0E06CF-50EF-30C9-B94C-6C0362C69A76}
		{04DC2183-BEB5-36E2-B6F4-16D8C0AD0614} = {04DC2183-BEB5-36E2-B6F4-16D8C0AD0614}
		{CCF2D7A8-CC26-3422-A75C-383339CF2FEB} = {CCF2D7A8-CC26-3422-A75C-383339CF2FEB}
		{62A0DE21-852E-3CA0-9B76-D04392408CD8} = {62A0DE21-852E-3CA0-9B76-D04392408CD8}
	EndProjectSection
EndProject
Project("{8BC9CEB8-8B4A-11D0-8D11-00A0C91BC942}") = "mkpat", "patterns\mkpat.vcxproj", "{D9FB7CC9-192F-34C0-806D-8C4A6D204D5D}"
	ProjectSection(ProjectDependencies) = postProject
		{4B0E06CF-50EF-30C9-B94C-6C0362C69A76} = {4B0E06CF-50EF-30C9-B94C-6C0362C69A76}
		{62A0DE21-852E-3CA0-9B76-D04392408CD8} = {62A0DE21-852E-3CA0-9B76-D04392408CD8}
	EndProjectSection
EndProject
Project("{8BC9CEB8-8B4A-11D0-8D11-00A0C91BC942}") = "patterns", "patterns\patterns.vcxproj", "{2A7D50EA-6E28-32BA-95CB-4451D35550FD}"
	ProjectSection(ProjectDependencies) = postProject
		{4B0E06CF-50EF-30C9-B94C-6C0362C69A76} = {4B0E06CF-50EF-30C9-B94C-6C0362C69A76}
		{4D893842-A76A-32F1-AF39-29C32E107EF5} = {4D893842-A76A-32F1-AF39-29C32E107EF5}
		{F710B427-3DF4-3A48-98B0-F88DC4D00E08} = {F710B427-3DF4-3A48-98B0-F88DC4D00E08}
		{B57F9832-0D4D-3A33-BF74-B861223339FD} = {B57F9832-0D4D-3A33-BF74-B861223339FD}
		{D9FB7CC9-192F-34C0-806D-8C4A6D204D5D} = {D9FB7CC9-192F-34C0-806D-8C4A6D204D5D}
		{28D5956C-D3A1-33A9-B081-3DD4543A7372} = {28D5956C-D3A1-33A9-B081-3DD4543A7372}
	EndProjectSection
EndProject
Project("{8BC9CEB8-8B4A-11D0-8D11-00A0C91BC942}") = "sgf", "sgf\sgf.vcxproj", "{CCF2D7A8-CC26-3422-A75C-383339CF2FEB}"
	ProjectSection(ProjectDependencies) = postProject
		{4B0E06CF-50EF-30C9-B94C-6C0362C69A76} = {4B0E06CF-50EF-30C9-B94C-6C0362C69A76}
	EndProjectSection
EndProject
Project("{8BC9CEB8-8B4A-11D0-8D11-00A0C91BC942}") = "sgfgen", "sgf\sgfgen.vcxproj", "{089C781B-47DF-34CD-9769-DEF492799F4D}"
	ProjectSection(ProjectDependencies) = postProject
		{4B0E06CF-50EF-30C9-B94C-6C0362C69A76} = {4B0E06CF-50EF-30C9-B94C-6C0362C69A76}
	EndProjectSection
EndProject
Project("{8BC9CEB8-8B4A-11D0-8D11-00A0C91BC942}") = "uncompress_fuseki", "patterns\uncompress_fuseki.vcxproj", "{28D5956C-D3A1-33A9-B081-3DD4543A7372}"
	ProjectSection(ProjectDependencies) = postProject
		{4B0E06CF-50EF-30C9-B94C-6C0362C69A76} = {4B0E06CF-50EF-30C9-B94C-6C0362C69A76}
		{9AC8E159-4B26-335A-AD0C-B9CAD35D9CDE} = {9AC8E159-4B26-335A-AD0C-B9CAD35D9CDE}
		{CCF2D7A8-CC26-3422-A75C-383339CF2FEB} = {CCF2D7A8-CC26-3422-A75C-383339CF2FEB}
		{62A0DE21-852E-3CA0-9B76-D04392408CD8} = {62A0DE21-852E-3CA0-9B76-D04392408CD8}
	EndProjectSection
EndProject
Project("{8BC9CEB8-8B4A-11D0-8D11-00A0C91BC942}") = "utils", "utils\utils.vcxproj", "{62A0DE21-852E-3CA0-9B76-D04392408CD8}"
	ProjectSection(ProjectDependencies) = postProject
		{4B0E06CF-50EF-30C9-B94C-6C0362C69A76} = {4B0E06CF-50EF-30C9-B94C-6C0362C69A76}
	EndProjectSection
EndProject
Project("{8BC9CEB8-8B4A-11D0-8D11-00A0C91BC942}") = "Client", "Client\Client.vcxproj", "{EDFE621B-96FF-4F9F-B604-C76CC9CA3407}"
EndProject
Global
	GlobalSection(SolutionConfigurationPlatforms) = preSolution
		Debug|Win32 = Debug|Win32
		Debug|x64 = Debug|x64
		MinSizeRel|Win32 = MinSizeRel|Win32
		MinSizeRel|x64 = MinSizeRel|x64
		Release|Win32 = Release|Win32
		Release|x64 = Release|x64
		RelWithDebInfo|Win32 = RelWithDebInfo|Win32
		RelWithDebInfo|x64 = RelWithDebInfo|x64
	EndGlobalSection
	GlobalSection(ProjectConfigurationPlatforms) = postSolution
		{A97F8B8A-C923-3EC2-80E1-67DCCD4E6ACF}.Debug|Win32.ActiveCfg = Debug|Win32
		{A97F8B8A-C923-3EC2-80E1-67DCCD4E6ACF}.Debug|Win32.Build.0 = Debug|Win32
		{A97F8B8A-C923-3EC2-80E1-67DCCD4E6ACF}.Debug|x64.ActiveCfg = Debug|Win32
		{A97F8B8A-C923-3EC2-80E1-67DCCD4E6ACF}.MinSizeRel|Win32.ActiveCfg = MinSizeRel|Win32
		{A97F8B8A-C923-3EC2-80E1-67DCCD4E6ACF}.MinSizeRel|Win32.Build.0 = MinSizeRel|Win32
		{A97F8B8A-C923-3EC2-80E1-67DCCD4E6ACF}.MinSizeRel|x64.ActiveCfg = MinSizeRel|Win32
		{A97F8B8A-C923-3EC2-80E1-67DCCD4E6ACF}.Release|Win32.ActiveCfg = Release|Win32
		{A97F8B8A-C923-3EC2-80E1-67DCCD4E6ACF}.Release|Win32.Build.0 = Release|Win32
		{A97F8B8A-C923-3EC2-80E1-67DCCD4E6ACF}.Release|x64.ActiveCfg = Release|Win32
		{A97F8B8A-C923-3EC2-80E1-67DCCD4E6ACF}.RelWithDebInfo|Win32.ActiveCfg = RelWithDebInfo|Win32
		{A97F8B8A-C923-3EC2-80E1-67DCCD4E6ACF}.RelWithDebInfo|Win32.Build.0 = RelWithDebInfo|Win32
		{A97F8B8A-C923-3EC2-80E1-67DCCD4E6ACF}.RelWithDebInfo|x64.ActiveCfg = RelWithDebInfo|Win32
		{CE4544BA-6507-341C-9F75-E07FF15E5B11}.Debug|Win32.ActiveCfg = Debug|Win32
		{CE4544BA-6507-341C-9F75-E07FF15E5B11}.Debug|x64.ActiveCfg = Debug|Win32
		{CE4544BA-6507-341C-9F75-E07FF15E5B11}.MinSizeRel|Win32.ActiveCfg = MinSizeRel|Win32
		{CE4544BA-6507-341C-9F75-E07FF15E5B11}.MinSizeRel|x64.ActiveCfg = MinSizeRel|Win32
		{CE4544BA-6507-341C-9F75-E07FF15E5B11}.Release|Win32.ActiveCfg = Release|Win32
		{CE4544BA-6507-341C-9F75-E07FF15E5B11}.Release|x64.ActiveCfg = Release|Win32
		{CE4544BA-6507-341C-9F75-E07FF15E5B11}.RelWithDebInfo|Win32.ActiveCfg = RelWithDebInfo|Win32
		{CE4544BA-6507-341C-9F75-E07FF15E5B11}.RelWithDebInfo|x64.ActiveCfg = RelWithDebInfo|Win32
		{4B0E06CF-50EF-30C9-B94C-6C0362C69A76}.Debug|Win32.ActiveCfg = Debug|Win32
		{4B0E06CF-50EF-30C9-B94C-6C0362C69A76}.Debug|Win32.Build.0 = Debug|Win32
		{4B0E06CF-50EF-30C9-B94C-6C0362C69A76}.Debug|x64.ActiveCfg = Debug|Win32
		{4B0E06CF-50EF-30C9-B94C-6C0362C69A76}.MinSizeRel|Win32.ActiveCfg = MinSizeRel|Win32
		{4B0E06CF-50EF-30C9-B94C-6C0362C69A76}.MinSizeRel|Win32.Build.0 = MinSizeRel|Win32
		{4B0E06CF-50EF-30C9-B94C-6C0362C69A76}.MinSizeRel|x64.ActiveCfg = MinSizeRel|Win32
		{4B0E06CF-50EF-30C9-B94C-6C0362C69A76}.Release|Win32.ActiveCfg = Release|Win32
		{4B0E06CF-50EF-30C9-B94C-6C0362C69A76}.Release|Win32.Build.0 = Release|Win32
		{4B0E06CF-50EF-30C9-B94C-6C0362C69A76}.Release|x64.ActiveCfg = Release|Win32
		{4B0E06CF-50EF-30C9-B94C-6C0362C69A76}.RelWithDebInfo|Win32.ActiveCfg = RelWithDebInfo|Win32
		{4B0E06CF-50EF-30C9-B94C-6C0362C69A76}.RelWithDebInfo|Win32.Build.0 = RelWithDebInfo|Win32
		{4B0E06CF-50EF-30C9-B94C-6C0362C69A76}.RelWithDebInfo|x64.ActiveCfg = RelWithDebInfo|Win32
		{9AC8E159-4B26-335A-AD0C-B9CAD35D9CDE}.Debug|Win32.ActiveCfg = Debug|Win32
		{9AC8E159-4B26-335A-AD0C-B9CAD35D9CDE}.Debug|Win32.Build.0 = Debug|Win32
		{9AC8E159-4B26-335A-AD0C-B9CAD35D9CDE}.Debug|x64.ActiveCfg = Debug|Win32
		{9AC8E159-4B26-335A-AD0C-B9CAD35D9CDE}.MinSizeRel|Win32.ActiveCfg = MinSizeRel|Win32
		{9AC8E159-4B26-335A-AD0C-B9CAD35D9CDE}.MinSizeRel|Win32.Build.0 = MinSizeRel|Win32
		{9AC8E159-4B26-335A-AD0C-B9CAD35D9CDE}.MinSizeRel|x64.ActiveCfg = MinSizeRel|Win32
		{9AC8E159-4B26-335A-AD0C-B9CAD35D9CDE}.Release|Win32.ActiveCfg = Release|Win32
		{9AC8E159-4B26-335A-AD0C-B9CAD35D9CDE}.Release|Win32.Build.0 = Release|Win32
		{9AC8E159-4B26-335A-AD0C-B9CAD35D9CDE}.Release|x64.ActiveCfg = Release|Win32
		{9AC8E159-4B26-335A-AD0C-B9CAD35D9CDE}.RelWithDebInfo|Win32.ActiveCfg = RelWithDebInfo|Win32
		{9AC8E159-4B26-335A-AD0C-B9CAD35D9CDE}.RelWithDebInfo|Win32.Build.0 = RelWithDebInfo|Win32
		{9AC8E159-4B26-335A-AD0C-B9CAD35D9CDE}.RelWithDebInfo|x64.ActiveCfg = RelWithDebInfo|Win32
		{90158040-32C4-3A32-A222-CBC8A577FBAB}.Debug|Win32.ActiveCfg = Debug|Win32
		{90158040-32C4-3A32-A222-CBC8A577FBAB}.Debug|Win32.Build.0 = Debug|Win32
		{90158040-32C4-3A32-A222-CBC8A577FBAB}.Debug|x64.ActiveCfg = Debug|Win32
		{90158040-32C4-3A32-A222-CBC8A577FBAB}.MinSizeRel|Win32.ActiveCfg = MinSizeRel|Win32
		{90158040-32C4-3A32-A222-CBC8A577FBAB}.MinSizeRel|Win32.Build.0 = MinSizeRel|Win32
		{90158040-32C4-3A32-A222-CBC8A577FBAB}.MinSizeRel|x64.ActiveCfg = MinSizeRel|Win32
		{90158040-32C4-3A32-A222-CBC8A577FBAB}.Release|Win32.ActiveCfg = Release|Win32
		{90158040-32C4-3A32-A222-CBC8A577FBAB}.Release|Win32.Build.0 = Release|Win32
		{90158040-32C4-3A32-A222-CBC8A577FBAB}.Release|x64.ActiveCfg = Release|Win32
		{90158040-32C4-3A32-A222-CBC8A577FBAB}.RelWithDebInfo|Win32.ActiveCfg = RelWithDebInfo|Win32
		{90158040-32C4-3A32-A222-CBC8A577FBAB}.RelWithDebInfo|Win32.Build.0 = RelWithDebInfo|Win32
		{90158040-32C4-3A32-A222-CBC8A577FBAB}.RelWithDebInfo|x64.ActiveCfg = RelWithDebInfo|Win32
		{04DC2183-BEB5-36E2-B6F4-16D8C0AD0614}.Debug|Win32.ActiveCfg = Debug|Win32
		{04DC2183-BEB5-36E2-B6F4-16D8C0AD0614}.Debug|Win32.Build.0 = Debug|Win32
		{04DC2183-BEB5-36E2-B6F4-16D8C0AD0614}.Debug|x64.ActiveCfg = Debug|Win32
		{04DC2183-BEB5-36E2-B6F4-16D8C0AD0614}.MinSizeRel|Win32.ActiveCfg = MinSizeRel|Win32
		{04DC2183-BEB5-36E2-B6F4-16D8C0AD0614}.MinSizeRel|Win32.Build.0 = MinSizeRel|Win32
		{04DC2183-BEB5-36E2-B6F4-16D8C0AD0614}.MinSizeRel|x64.ActiveCfg = MinSizeRel|Win32
		{04DC2183-BEB5-36E2-B6F4-16D8C0AD0614}.Release|Win32.ActiveCfg = Release|Win32
		{04DC2183-BEB5-36E2-B6F4-16D8C0AD0614}.Release|Win32.Build.0 = Release|Win32
		{04DC2183-BEB5-36E2-B6F4-16D8C0AD0614}.Release|x64.ActiveCfg = Release|Win32
		{04DC2183-BEB5-36E2-B6F4-16D8C0AD0614}.RelWithDebInfo|Win32.ActiveCfg = RelWithDebInfo|Win32
		{04DC2183-BEB5-36E2-B6F4-16D8C0AD0614}.RelWithDebInfo|Win32.Build.0 = RelWithDebInfo|Win32
		{04DC2183-BEB5-36E2-B6F4-16D8C0AD0614}.RelWithDebInfo|x64.ActiveCfg = RelWithDebInfo|Win32
		{8909240D-CA68-36FB-BB66-4B98E232F638}.Debug|Win32.ActiveCfg = Debug|Win32
		{8909240D-CA68-36FB-BB66-4B98E232F638}.Debug|Win32.Build.0 = Debug|Win32
		{8909240D-CA68-36FB-BB66-4B98E232F638}.Debug|x64.ActiveCfg = Debug|Win32
		{8909240D-CA68-36FB-BB66-4B98E232F638}.MinSizeRel|Win32.ActiveCfg = MinSizeRel|Win32
		{8909240D-CA68-36FB-BB66-4B98E232F638}.MinSizeRel|Win32.Build.0 = MinSizeRel|Win32
		{8909240D-CA68-36FB-BB66-4B98E232F638}.MinSizeRel|x64.ActiveCfg = MinSizeRel|Win32
		{8909240D-CA68-36FB-BB66-4B98E232F638}.Release|Win32.ActiveCfg = Release|Win32
		{8909240D-CA68-36FB-BB66-4B98E232F638}.Release|Win32.Build.0 = Release|Win32
		{8909240D-CA68-36FB-BB66-4B98E232F638}.Release|x64.ActiveCfg = Release|Win32
		{8909240D-CA68-36FB-BB66-4B98E232F638}.RelWithDebInfo|Win32.ActiveCfg = RelWithDebInfo|Win32
		{8909240D-CA68-36FB-BB66-4B98E232F638}.RelWithDebInfo|Win32.Build.0 = RelWithDebInfo|Win32
		{8909240D-CA68-36FB-BB66-4B98E232F638}.RelWithDebInfo|x64.ActiveCfg = RelWithDebInfo|Win32
		{BE698082-C3EB-3872-A556-A0C3375A5C38}.Debug|Win32.ActiveCfg = Debug|Win32
		{BE698082-C3EB-3872-A556-A0C3375A5C38}.Debug|Win32.Build.0 = Debug|Win32
		{BE698082-C3EB-3872-A556-A0C3375A5C38}.Debug|x64.ActiveCfg = Debug|Win32
		{BE698082-C3EB-3872-A556-A0C3375A5C38}.MinSizeRel|Win32.ActiveCfg = MinSizeRel|Win32
		{BE698082-C3EB-3872-A556-A0C3375A5C38}.MinSizeRel|Win32.Build.0 = MinSizeRel|Win32
		{BE698082-C3EB-3872-A556-A0C3375A5C38}.MinSizeRel|x64.ActiveCfg = MinSizeRel|Win32
		{BE698082-C3EB-3872-A556-A0C3375A5C38}.Release|Win32.ActiveCfg = Release|Win32
		{BE698082-C3EB-3872-A556-A0C3375A5C38}.Release|Win32.Build.0 = Release|Win32
		{BE698082-C3EB-3872-A556-A0C3375A5C38}.Release|x64.ActiveCfg = Release|Win32
		{BE698082-C3EB-3872-A556-A0C3375A5C38}.RelWithDebInfo|Win32.ActiveCfg = RelWithDebInfo|Win32
		{BE698082-C3EB-3872-A556-A0C3375A5C38}.RelWithDebInfo|Win32.Build.0 = RelWithDebInfo|Win32
		{BE698082-C3EB-3872-A556-A0C3375A5C38}.RelWithDebInfo|x64.ActiveCfg = RelWithDebInfo|Win32
		{4D893842-A76A-32F1-AF39-29C32E107EF5}.Debug|Win32.ActiveCfg = Debug|Win32
		{4D893842-A76A-32F1-AF39-29C32E107EF5}.Debug|Win32.Build.0 = Debug|Win32
		{4D893842-A76A-32F1-AF39-29C32E107EF5}.Debug|x64.ActiveCfg = Debug|Win32
		{4D893842-A76A-32F1-AF39-29C32E107EF5}.MinSizeRel|Win32.ActiveCfg = MinSizeRel|Win32
		{4D893842-A76A-32F1-AF39-29C32E107EF5}.MinSizeRel|Win32.Build.0 = MinSizeRel|Win32
		{4D893842-A76A-32F1-AF39-29C32E107EF5}.MinSizeRel|x64.ActiveCfg = MinSizeRel|Win32
		{4D893842-A76A-32F1-AF39-29C32E107EF5}.Release|Win32.ActiveCfg = Release|Win32
		{4D893842-A76A-32F1-AF39-29C32E107EF5}.Release|Win32.Build.0 = Release|Win32
		{4D893842-A76A-32F1-AF39-29C32E107EF5}.Release|x64.ActiveCfg = Release|Win32
		{4D893842-A76A-32F1-AF39-29C32E107EF5}.RelWithDebInfo|Win32.ActiveCfg = RelWithDebInfo|Win32
		{4D893842-A76A-32F1-AF39-29C32E107EF5}.RelWithDebInfo|Win32.Build.0 = RelWithDebInfo|Win32
		{4D893842-A76A-32F1-AF39-29C32E107EF5}.RelWithDebInfo|x64.ActiveCfg = RelWithDebInfo|Win32
		{F710B427-3DF4-3A48-98B0-F88DC4D00E08}.Debug|Win32.ActiveCfg = Debug|Win32
		{F710B427-3DF4-3A48-98B0-F88DC4D00E08}.Debug|Win32.Build.0 = Debug|Win32
		{F710B427-3DF4-3A48-98B0-F88DC4D00E08}.Debug|x64.ActiveCfg = Debug|Win32
		{F710B427-3DF4-3A48-98B0-F88DC4D00E08}.MinSizeRel|Win32.ActiveCfg = MinSizeRel|Win32
		{F710B427-3DF4-3A48-98B0-F88DC4D00E08}.MinSizeRel|Win32.Build.0 = MinSizeRel|Win32
		{F710B427-3DF4-3A48-98B0-F88DC4D00E08}.MinSizeRel|x64.ActiveCfg = MinSizeRel|Win32
		{F710B427-3DF4-3A48-98B0-F88DC4D00E08}.Release|Win32.ActiveCfg = Release|Win32
		{F710B427-3DF4-3A48-98B0-F88DC4D00E08}.Release|Win32.Build.0 = Release|Win32
		{F710B427-3DF4-3A48-98B0-F88DC4D00E08}.Release|x64.ActiveCfg = Release|Win32
		{F710B427-3DF4-3A48-98B0-F88DC4D00E08}.RelWithDebInfo|Win32.ActiveCfg = RelWithDebInfo|Win32
		{F710B427-3DF4-3A48-98B0-F88DC4D00E08}.RelWithDebInfo|Win32.Build.0 = RelWithDebInfo|Win32
		{F710B427-3DF4-3A48-98B0-F88DC4D00E08}.RelWithDebInfo|x64.ActiveCfg = RelWithDebInfo|Win32
		{B57F9832-0D4D-3A33-BF74-B861223339FD}.Debug|Win32.ActiveCfg = Debug|Win32
		{B57F9832-0D4D-3A33-BF74-B861223339FD}.Debug|Win32.Build.0 = Debug|Win32
		{B57F9832-0D4D-3A33-BF74-B861223339FD}.Debug|x64.ActiveCfg = Debug|Win32
		{B57F9832-0D4D-3A33-BF74-B861223339FD}.MinSizeRel|Win32.ActiveCfg = MinSizeRel|Win32
		{B57F9832-0D4D-3A33-BF74-B861223339FD}.MinSizeRel|Win32.Build.0 = MinSizeRel|Win32
		{B57F9832-0D4D-3A33-BF74-B861223339FD}.MinSizeRel|x64.ActiveCfg = MinSizeRel|Win32
		{B57F9832-0D4D-3A33-BF74-B861223339FD}.Release|Win32.ActiveCfg = Release|Win32
		{B57F9832-0D4D-3A33-BF74-B861223339FD}.Release|Win32.Build.0 = Release|Win32
		{B57F9832-0D4D-3A33-BF74-B861223339FD}.Release|x64.ActiveCfg = Release|Win32
		{B57F9832-0D4D-3A33-BF74-B861223339FD}.RelWithDebInfo|Win32.ActiveCfg = RelWithDebInfo|Win32
		{B57F9832-0D4D-3A33-BF74-B861223339FD}.RelWithDebInfo|Win32.Build.0 = RelWithDebInfo|Win32
		{B57F9832-0D4D-3A33-BF74-B861223339FD}.RelWithDebInfo|x64.ActiveCfg = RelWithDebInfo|Win32
		{D9FB7CC9-192F-34C0-806D-8C4A6D204D5D}.Debug|Win32.ActiveCfg = Debug|Win32
		{D9FB7CC9-192F-34C0-806D-8C4A6D204D5D}.Debug|Win32.Build.0 = Debug|Win32
		{D9FB7CC9-192F-34C0-806D-8C4A6D204D5D}.Debug|x64.ActiveCfg = Debug|Win32
		{D9FB7CC9-192F-34C0-806D-8C4A6D204D5D}.MinSizeRel|Win32.ActiveCfg = MinSizeRel|Win32
		{D9FB7CC9-192F-34C0-806D-8C4A6D204D5D}.MinSizeRel|Win32.Build.0 = MinSizeRel|Win32
		{D9FB7CC9-192F-34C0-806D-8C4A6D204D5D}.MinSizeRel|x64.ActiveCfg = MinSizeRel|Win32
		{D9FB7CC9-192F-34C0-806D-8C4A6D204D5D}.Release|Win32.ActiveCfg = Release|Win32
		{D9FB7CC9-192F-34C0-806D-8C4A6D204D5D}.Release|Win32.Build.0 = Release|Win32
		{D9FB7CC9-192F-34C0-806D-8C4A6D204D5D}.Release|x64.ActiveCfg = Release|Win32
		{D9FB7CC9-192F-34C0-806D-8C4A6D204D5D}.RelWithDebInfo|Win32.ActiveCfg = RelWithDebInfo|Win32
		{D9FB7CC9-192F-34C0-806D-8C4A6D204D5D}.RelWithDebInfo|Win32.Build.0 = RelWithDebInfo|Win32
		{D9FB7CC9-192F-34C0-806D-8C4A6D204D5D}.RelWithDebInfo|x64.ActiveCfg = RelWithDebInfo|Win32
		{2A7D50EA-6E28-32BA-95CB-4451D35550FD}.Debug|Win32.ActiveCfg = Debug|Win32
		{2A7D50EA-6E28-32BA-95CB-4451D35550FD}.Debug|Win32.Build.0 = Debug|Win32
		{2A7D50EA-6E28-32BA-95CB-4451D35550FD}.Debug|x64.ActiveCfg = Debug|Win32
		{2A7D50EA-6E28-32BA-95CB-4451D35550FD}.MinSizeRel|Win32.ActiveCfg = MinSizeRel|Win32
		{2A7D50EA-6E28-32BA-95CB-4451D35550FD}.MinSizeRel|Win32.Build.0 = MinSizeRel|Win32
		{2A7D50EA-6E28-32BA-95CB-4451D35550FD}.MinSizeRel|x64.ActiveCfg = MinSizeRel|Win32
		{2A7D50EA-6E28-32BA-95CB-4451D35550FD}.Release|Win32.ActiveCfg = Release|Win32
		{2A7D50EA-6E28-32BA-95CB-4451D35550FD}.Release|Win32.Build.0 = Release|Win32
		{2A7D50EA-6E28-32BA-95CB-4451D35550FD}.Release|x64.ActiveCfg = Release|Win32
		{2A7D50EA-6E28-32BA-95CB-4451D35550FD}.RelWithDebInfo|Win32.ActiveCfg = RelWithDebInfo|Win32
		{2A7D50EA-6E28-32BA-95CB-4451D35550FD}.RelWithDebInfo|Win32.Build.0 = RelWithDebInfo|Win32
		{2A7D50EA-6E28-32BA-95CB-4451D35550FD}.RelWithDebInfo|x64.ActiveCfg = RelWithDebInfo|Win32
		{CCF2D7A8-CC26-3422-A75C-383339CF2FEB}.Debug|Win32.ActiveCfg = Debug|Win32
		{CCF2D7A8-CC26-3422-A75C-383339CF2FEB}.Debug|Win32.Build.0 = Debug|Win32
		{CCF2D7A8-CC26-3422-A75C-383339CF2FEB}.Debug|x64.ActiveCfg = Debug|Win32
		{CCF2D7A8-CC26-3422-A75C-383339CF2FEB}.MinSizeRel|Win32.ActiveCfg = MinSizeRel|Win32
		{CCF2D7A8-CC26-3422-A75C-383339CF2FEB}.MinSizeRel|Win32.Build.0 = MinSizeRel|Win32
		{CCF2D7A8-CC26-3422-A75C-383339CF2FEB}.MinSizeRel|x64.ActiveCfg = MinSizeRel|Win32
		{CCF2D7A8-CC26-3422-A75C-383339CF2FEB}.Release|Win32.ActiveCfg = Release|Win32
		{CCF2D7A8-CC26-3422-A75C-383339CF2FEB}.Release|Win32.Build.0 = Release|Win32
		{CCF2D7A8-CC26-3422-A75C-383339CF2FEB}.Release|x64.ActiveCfg = Release|Win32
		{CCF2D7A8-CC26-3422-A75C-383339CF2FEB}.RelWithDebInfo|Win32.ActiveCfg = RelWithDebInfo|Win32
		{CCF2D7A8-CC26-3422-A75C-383339CF2FEB}.RelWithDebInfo|Win32.Build.0 = RelWithDebInfo|Win32
		{CCF2D7A8-CC26-3422-A75C-383339CF2FEB}.RelWithDebInfo|x64.ActiveCfg = RelWithDebInfo|Win32
		{089C781B-47DF-34CD-9769-DEF492799F4D}.Debug|Win32.ActiveCfg = Debug|Win32
		{089C781B-47DF-34CD-9769-DEF492799F4D}.Debug|Win32.Build.0 = Debug|Win32
		{089C781B-47DF-34CD-9769-DEF492799F4D}.Debug|x64.ActiveCfg = Debug|Win32
		{089C781B-47DF-34CD-9769-DEF492799F4D}.MinSizeRel|Win32.ActiveCfg = MinSizeRel|Win32
		{089C781B-47DF-34CD-9769-DEF492799F4D}.MinSizeRel|Win32.Build.0 = MinSizeRel|Win32
		{089C781B-47DF-34CD-9769-DEF492799F4D}.MinSizeRel|x64.ActiveCfg = MinSizeRel|Win32
		{089C781B-47DF-34CD-9769-DEF492799F4D}.Release|Win32.ActiveCfg = Release|Win32
		{089C781B-47DF-34CD-9769-DEF492799F4D}.Release|Win32.Build.0 = Release|Win32
		{089C781B-47DF-34CD-9769-DEF492799F4D}.Release|x64.ActiveCfg = Release|Win32
		{089C781B-47DF-34CD-9769-DEF492799F4D}.RelWithDebInfo|Win32.ActiveCfg = RelWithDebInfo|Win32
		{089C781B-47DF-34CD-9769-DEF492799F4D}.RelWithDebInfo|Win32.Build.0 = RelWithDebInfo|Win32
		{089C781B-47DF-34CD-9769-DEF492799F4D}.RelWithDebInfo|x64.ActiveCfg = RelWithDebInfo|Win32
		{28D5956C-D3A1-33A9-B081-3DD4543A7372}.Debug|Win32.ActiveCfg = Debug|Win32
		{28D5956C-D3A1-33A9-B081-3DD4543A7372}.Debug|Win32.Build.0 = Debug|Win32
		{28D5956C-D3A1-33A9-B081-3DD4543A7372}.Debug|x64.ActiveCfg = Debug|Win32
		{28D5956C-D3A1-33A9-B081-3DD4543A7372}.MinSizeRel|Win32.ActiveCfg = MinSizeRel|Win32
		{28D5956C-D3A1-33A9-B081-3DD4543A7372}.MinSizeRel|Win32.Build.0 = MinSizeRel|Win32
		{28D5956C-D3A1-33A9-B081-3DD4543A7372}.MinSizeRel|x64.ActiveCfg = MinSizeRel|Win32
		{28D5956C-D3A1-33A9-B081-3DD4543A7372}.Release|Win32.ActiveCfg = Release|Win32
		{28D5956C-D3A1-33A9-B081-3DD4543A7372}.Release|Win32.Build.0 = Release|Win32
		{28D5956C-D3A1-33A9-B081-3DD4543A7372}.Release|x64.ActiveCfg = Release|Win32
		{28D5956C-D3A1-33A9-B081-3DD4543A7372}.RelWithDebInfo|Win32.ActiveCfg = RelWithDebInfo|Win32
		{28D5956C-D3A1-33A9-B081-3DD4543A7372}.RelWithDebInfo|Win32.Build.0 = RelWithDebInfo|Win32
		{28D5956C-D3A1-33A9-B081-3DD4543A7372}.RelWithDebInfo|x64.ActiveCfg = RelWithDebInfo|Win32
		{62A0DE21-852E-3CA0-9B76-D04392408CD8}.Debug|Win32.ActiveCfg = Debug|Win32
		{62A0DE21-852E-3CA0-9B76-D04392408CD8}.Debug|Win32.Build.0 = Debug|Win32
		{62A0DE21-852E-3CA0-9B76-D04392408CD8}.Debug|x64.ActiveCfg = Debug|Win32
		{62A0DE21-852E-3CA0-9B76-D04392408CD8}.MinSizeRel|Win32.ActiveCfg = MinSizeRel|Win32
		{62A0DE21-852E-3CA0-9B76-D04392408CD8}.MinSizeRel|Win32.Build.0 = MinSizeRel|Win32
		{62A0DE21-852E-3CA0-9B76-D04392408CD8}.MinSizeRel|x64.ActiveCfg = MinSizeRel|Win32
		{62A0DE21-852E-3CA0-9B76-D04392408CD8}.Release|Win32.ActiveCfg = Release|Win32
		{62A0DE21-852E-3CA0-9B76-D04392408CD8}.Release|Win32.Build.0 = Release|Win32
		{62A0DE21-852E-3CA0-9B76-D04392408CD8}.Release|x64.ActiveCfg = Release|Win32
		{62A0DE21-852E-3CA0-9B76-D04392408CD8}.RelWithDebInfo|Win32.ActiveCfg = RelWithDebInfo|Win32
		{62A0DE21-852E-3CA0-9B76-D04392408CD8}.RelWithDebInfo|Win32.Build.0 = RelWithDebInfo|Win32
		{62A0DE21-852E-3CA0-9B76-D04392408CD8}.RelWithDebInfo|x64.ActiveCfg = RelWithDebInfo|Win32
		{EDFE621B-96FF-4F9F-B604-C76CC9CA3407}.Debug|Win32.ActiveCfg = Debug|Win32
		{EDFE621B-96FF-4F9F-B604-C76CC9CA3407}.Debug|Win32.Build.0 = Debug|Win32
		{EDFE621B-96FF-4F9F-B604-C76CC9CA3407}.Debug|x64.ActiveCfg = Debug|x64
		{EDFE621B-96FF-4F9F-B604-C76CC9CA3407}.Debug|x64.Build.0 = Debug|x64
		{EDFE621B-96FF-4F9F-B604-C76CC9CA3407}.MinSizeRel|Win32.ActiveCfg = Release|Win32
		{EDFE621B-96FF-4F9F-B604-C76CC9CA3407}.MinSizeRel|Win32.Build.0 = Release|Win32
		{EDFE621B-96FF-4F9F-B604-C76CC9CA3407}.MinSizeRel|x64.ActiveCfg = Release|x64
		{EDFE621B-96FF-4F9F-B604-C76CC9CA3407}.MinSizeRel|x64.Build.0 = Release|x64
		{EDFE621B-96FF-4F9F-B604-C76CC9CA3407}.Release|Win32.ActiveCfg = Release|Win32
		{EDFE621B-96FF-4F9F-B604-C76CC9CA3407}.Release|Win32.Build.0 = Release|Win32
		{EDFE621B-96FF-4F9F-B604-C76CC9CA3407}.Release|x64.ActiveCfg = Release|x64
		{EDFE621B-96FF-4F9F-B604-C76CC9CA3407}.Release|x64.Build.0 = Release|x64
		{EDFE621B-96FF-4F9F-B604-C76CC9CA3407}.RelWithDebInfo|Win32.ActiveCfg = Release|Win32
		{EDFE621B-96FF-4F9F-B604-C76CC9CA3407}.RelWithDebInfo|Win32.Build.0 = Release|Win32
		{EDFE621B-96FF-4F9F-B604-C76CC9CA3407}.RelWithDebInfo|x64.ActiveCfg = Release|x64
		{EDFE621B-96FF-4F9F-B604-C76CC9CA3407}.RelWithDebInfo|x64.Build.0 = Release|x64
	EndGlobalSection
	GlobalSection(SolutionProperties) = preSolution
		HideSolutionNode = FALSE
	EndGlobalSection
EndGlobal
